
Microsoft Visual Studio Solution File, Format Version 12.00
# Visual Studio Version 17
VisualStudioVersion = 17.2.32505.173
MinimumVisualStudioVersion = 10.0.40219.1
Project("{FAE04EC0-301F-11D3-BF4B-00C04F79EFBC}") = "HumanizadorDeCheques.Dominio", "HumanizadorDeCheques\HumanizadorDeCheques.Dominio.csproj", "{F5B582BD-FE24-4DBF-A502-7520F43A07AC}"
EndProject
Project("{FAE04EC0-301F-11D3-BF4B-00C04F79EFBC}") = "HumanizadorDeCheques.Tests", "HumanizadorDeCheques.Tests\HumanizadorDeCheques.Tests.csproj", "{FFD8BBA7-2AC2-4510-8E1A-84F8C971A079}"
EndProject
Global
	GlobalSection(SolutionConfigurationPlatforms) = preSolution
		Debug|Any CPU = Debug|Any CPU
		Release|Any CPU = Release|Any CPU
	EndGlobalSection
	GlobalSection(ProjectConfigurationPlatforms) = postSolution
		{F5B582BD-FE24-4DBF-A502-7520F43A07AC}.Debug|Any CPU.ActiveCfg = Debug|Any CPU
		{F5B582BD-FE24-4DBF-A502-7520F43A07AC}.Debug|Any CPU.Build.0 = Debug|Any CPU
		{F5B582BD-FE24-4DBF-A502-7520F43A07AC}.Release|Any CPU.ActiveCfg = Release|Any CPU
		{F5B582BD-FE24-4DBF-A502-7520F43A07AC}.Release|Any CPU.Build.0 = Release|Any CPU
		{FFD8BBA7-2AC2-4510-8E1A-84F8C971A079}.Debug|Any CPU.ActiveCfg = Debug|Any CPU
		{FFD8BBA7-2AC2-4510-8E1A-84F8C971A079}.Debug|Any CPU.Build.0 = Debug|Any CPU
		{FFD8BBA7-2AC2-4510-8E1A-84F8C971A079}.Release|Any CPU.ActiveCfg = Release|Any CPU
		{FFD8BBA7-2AC2-4510-8E1A-84F8C971A079}.Release|Any CPU.Build.0 = Release|Any CPU
	EndGlobalSection
	GlobalSection(SolutionProperties) = preSolution
		HideSolutionNode = FALSE
	EndGlobalSection
	GlobalSection(ExtensibilityGlobals) = postSolution
		SolutionGuid = {6CAA1A45-8F97-4AC9-9948-56713F2FCD54}
	EndGlobalSection
EndGlobal
